{
  "name": "maple-review-refresh",
  "lockfileVersion": 3,
  "requires": true,
  "packages": {
    "": {
      "name": "maple-review-refresh",
      "dependencies": {
        "google-maps-review-scraper": "^3.0.0"
      }
    },
    "node_modules/google-maps-review-scraper": {
      "version": "3.0.0",
      "resolved": "https://registry.npmjs.org/google-maps-review-scraper/-/google-maps-review-scraper-3.0.0.tgz",
      "integrity": "sha512-c3atVykpd077ADM2x8bqZgKyJPi51t+SGI3GabTyQrsxW7Ku2xnXt/Wuk/7O4G/bu2tQ23WaXzf5kmNAliOzZg==",
      "license": "MIT",
      "dependencies": {
        "impit": "^0.8.2",
        "tough-cookie": "^6.0.1"
      }
    },
    "node_modules/impit": {
      "version": "0.8.2",
      "resolved": "https://registry.npmjs.org/impit/-/impit-0.8.2.tgz",
      "integrity": "sha512-EVC+R3GrbOjAgYW0e/ShH1FHXFJT5wFRhDnDtmLrzA68FPNsE8wsw6ZsJVW6OxVzKI1ukZ0FM5WrsQ6HK9VR5A==",
      "license": "Apache-2.0",
      "engines": {
        "node": ">= 20"
      },
      "optionalDependencies": {
        "impit-darwin-arm64": "0.8.2",
        "impit-darwin-x64": "0.8.2",
        "impit-linux-arm64-gnu": "0.8.2",
        "impit-linux-arm64-musl": "0.8.2",
        "impit-linux-x64-gnu": "0.8.2",
        "impit-linux-x64-musl": "0.8.2",
        "impit-win32-arm64-msvc": "0.8.2",
        "impit-win32-x64-msvc": "0.8.2"
      }
    },
    "node_modules/impit-darwin-arm64": {
      "version": "0.8.2",
      "resolved": "https://registry.npmjs.org/impit-darwin-arm64/-/impit-darwin-arm64-0.8.2.tgz",
      "integrity": "sha512-xFKLJxyGatPEz49ZUT3f2wRgKAhavWT1w5Cth27csY/Y0Rm7f6IjkjBbXk2/azsqYXNJDgNdAqWq9+/oFFm+IQ==",
      "cpu": [
        "arm64"
      ],
      "license": "Apache-2.0",
      "optional": true,
      "os": [
        "darwin"
      ],
      "engines": {
        "node": ">= 10"
      }
    },
    "node_modules/impit-darwin-x64": {
      "version": "0.8.2",
      "resolved": "https://registry.npmjs.org/impit-darwin-x64/-/impit-darwin-x64-0.8.2.tgz",
      "integrity": "sha512-OxkbXWNvl9XcygxDUV+1sTyOYuHeORwCky9Nt/KMRlu+hOhiU2a3ZsS2zlAqYxh77Yfd5VWFJaG+mXpp3Zx8dw==",
      "cpu": [
        "x64"
      ],
      "license": "Apache-2.0",
      "optional": true,
      "os": [
        "darwin"
      ],
      "engines": {
        "node": ">= 10"
      }
    },
    "node_modules/impit-linux-arm64-gnu": {
      "version": "0.8.2",
      "resolved": "https://registry.npmjs.org/impit-linux-arm64-gnu/-/impit-linux-arm64-gnu-0.8.2.tgz",
      "integrity": "sha512-Yygo2Vfyz4+ClXivVxjcuXuffnVnoRg23Wf7MMd0tiLnbxnn+VBPBsj0/kl5GKslacoWvyFz5n997H2NawPe0Q==",
      "cpu": [
        "arm64"
      ],
      "libc": [
        "glibc"
      ],
      "license": "Apache-2.0",
      "optional": true,
      "os": [
        "linux"
      ],
      "engines": {
        "node": ">= 10"
      }
    },
    "node_modules/impit-linux-arm64-musl": {
      "version": "0.8.2",
      "resolved": "https://registry.npmjs.org/impit-linux-arm64-musl/-/impit-linux-arm64-musl-0.8.2.tgz",
      "integrity": "sha512-TB/ux8K7/BVLZlovOE6dDtS2NKgKMjkt75DmbWo2eQnEOF2aJdcKCqsxx4FolZezY1zWcpTOUM+ES+EKI/G9eQ==",
      "cpu": [
        "arm64"
      ],
      "libc": [
        "musl"
      ],
      "license": "Apache-2.0",
      "optional": true,
      "os": [
        "linux"
      ],
      "engines": {
        "node": ">= 10"
      }
    },
    "node_modules/impit-linux-x64-gnu": {
      "version": "0.8.2",
      "resolved": "https://registry.npmjs.org/impit-linux-x64-gnu/-/impit-linux-x64-gnu-0.8.2.tgz",
      "integrity": "sha512-5wVgeMai+chGsb/7KL4W8lCuyf/HcYXLR1pBzevls3/jNUQ5IoyP/XAtUe0GN2H+zCFj7UVD6VFKlbOBFp2a/A==",
      "cpu": [
        "x64"
      ],
      "libc": [
        "glibc"
      ],
      "license": "Apache-2.0",
      "optional": true,
      "os": [
        "linux"
      ],
      "engines": {
        "node": ">= 10"
      }
    },
    "node_modules/impit-linux-x64-musl": {
      "version": "0.8.2",
      "resolved": "https://registry.npmjs.org/impit-linux-x64-musl/-/impit-linux-x64-musl-0.8.2.tgz",
      "integrity": "sha512-7QN6DzhH2BlQEj/KTuxBJKFTO1aDsHaDngmJw9V5k8pOFS1s1U3EfnosVTFocgQIcuEk9viutEEEUfUnehnrng==",
      "cpu": [
        "x64"
      ],
      "libc": [
        "musl"
      ],
      "license": "Apache-2.0",
      "optional": true,
      "os": [
        "linux"
      ],
      "engines": {
        "node": ">= 10"
      }
    },
    "node_modules/impit-win32-arm64-msvc": {
      "version": "0.8.2",
      "resolved": "https://registry.npmjs.org/impit-win32-arm64-msvc/-/impit-win32-arm64-msvc-0.8.2.tgz",
      "integrity": "sha512-KvsKB6mfCM+DAvC5wLhRwOSXdy3fN7JLub1ieazFK2POOqLN27XUc5DbmniAW9jcCew9VMjw3ipZeFvfHEFHFg==",
      "cpu": [
        "arm64"
      ],
      "license": "Apache-2.0",
      "optional": true,
      "os": [
        "win32"
      ],
      "engines": {
        "node": ">= 10"
      }
    },
    "node_modules/impit-win32-x64-msvc": {
      "version": "0.8.2",
      "resolved": "https://registry.npmjs.org/impit-win32-x64-msvc/-/impit-win32-x64-msvc-0.8.2.tgz",
      "integrity": "sha512-QidL5Hgjx6l8OepoqT+X0EvP65Z636kLf4tKqd21rM/JBNLPP1jnfjr91XjLlHTS/0lawkjAPUzcpMI9LInUyQ==",
      "cpu": [
        "x64"
      ],
      "license": "Apache-2.0",
      "optional": true,
      "os": [
        "win32"
      ],
      "engines": {
        "node": ">= 10"
      }
    },
    "node_modules/tldts": {
      "version": "7.4.8",
      "resolved": "https://registry.npmjs.org/tldts/-/tldts-7.4.8.tgz",
      "integrity": "sha512-htwgN/8KRB3z3vnC0BOETVh2m499g5GmyTK9Wq5JBLX3FNz6tSBveAd+fQhzy9hkjif8vy2jwDMR1sGhLtZl2A==",
      "license": "MIT",
      "dependencies": {
        "tldts-core": "^7.4.8"
      },
      "bin": {
        "tldts": "bin/cli.js"
      }
    },
    "node_modules/tldts-core": {
      "version": "7.4.8",
      "resolved": "https://registry.npmjs.org/tldts-core/-/tldts-core-7.4.8.tgz",
      "integrity": "sha512-c1P7u0EhACHj7lPy4MJm8iTFEU8+nB0LCtddH0fhP7noaVoXAqafMtOOeX+ulpuPBqnrRgRhw494RICT3mbhnw==",
      "license": "MIT"
    },
    "node_modules/tough-cookie": {
      "version": "6.0.2",
      "resolved": "https://registry.npmjs.org/tough-cookie/-/tough-cookie-6.0.2.tgz",
      "integrity": "sha512-exgYmnmL/sJpR3upZfXG5PoatXQii55xAiXGXzY+sROLZ/Y+SLcp9PgJNI9Vz37HpQ74WvDcLT8eqm+kV3FzrA==",
      "license": "BSD-3-Clause",
      "dependencies": {
        "tldts": "^7.0.5"
      },
      "engines": {
        "node": ">=16"
      }
    }
  }
}
